
Microsoft Visual Studio Solution File, Format Version 12.00
# Visual Studio 15
VisualStudioVersion = 15.0.26730.16
MinimumVisualStudioVersion = 10.0.40219.1
Project("{FAE04EC0-301F-11D3-BF4B-00C04F79EFBC}") = "FacturacionWELL2.0", "FacturacionWELL\FacturacionWELL2.0.csproj", "{C6E140A2-D55A-4381-A39F-09385BBF8D0C}"
EndProject
Project("{FAE04EC0-301F-11D3-BF4B-00C04F79EFBC}") = "Milibreria", "Milibreria\Milibreria.csproj", "{78F03460-40E6-4A2B-AAB7-D891C69E248D}"
EndProject
Global
	GlobalSection(SolutionConfigurationPlatforms) = preSolution
		Debug|Any CPU = Debug|Any CPU
		Release|Any CPU = Release|Any CPU
	EndGlobalSection
	GlobalSection(ProjectConfigurationPlatforms) = postSolution
		{C6E140A2-D55A-4381-A39F-09385BBF8D0C}.Debug|Any CPU.ActiveCfg = Debug|Any CPU
		{C6E140A2-D55A-4381-A39F-09385BBF8D0C}.Debug|Any CPU.Build.0 = Debug|Any CPU
		{C6E140A2-D55A-4381-A39F-09385BBF8D0C}.Release|Any CPU.ActiveCfg = Release|Any CPU
		{C6E140A2-D55A-4381-A39F-09385BBF8D0C}.Release|Any CPU.Build.0 = Release|Any CPU
		{78F03460-40E6-4A2B-AAB7-D891C69E248D}.Debug|Any CPU.ActiveCfg = Debug|Any CPU
		{78F03460-40E6-4A2B-AAB7-D891C69E248D}.Debug|Any CPU.Build.0 = Debug|Any CPU
		{78F03460-40E6-4A2B-AAB7-D891C69E248D}.Release|Any CPU.ActiveCfg = Release|Any CPU
		{78F03460-40E6-4A2B-AAB7-D891C69E248D}.Release|Any CPU.Build.0 = Release|Any CPU
	EndGlobalSection
	GlobalSection(SolutionProperties) = preSolution
		HideSolutionNode = FALSE
	EndGlobalSection
	GlobalSection(ExtensibilityGlobals) = postSolution
		SolutionGuid = {63CA79FE-57F9-4753-A7F7-048A01F86E85}
	EndGlobalSection
EndGlobal
